
Microsoft Visual Studio Solution File, Format Version 12.00
# Visual Studio Version 17
VisualStudioVersion = 17.0.31903.59
MinimumVisualStudioVersion = 10.0.40219.1
Project("{2150E333-8FDC-42A3-9474-1A3956D46DE8}") = "src", "src", "{40C5EF90-842D-483C-A532-469A6D226C6D}"
EndProject
Project("{FAE04EC0-301F-11D3-BF4B-00C04F79EFBC}") = "JmagDesignerAgenticToolkit.Core", "src\JmagDesignerAgenticToolkit.Core\JmagDesignerAgenticToolkit.Core.csproj", "{87667EF8-D64D-4082-AC43-473161E87371}"
EndProject
Project("{FAE04EC0-301F-11D3-BF4B-00C04F79EFBC}") = "JmagDesignerAgenticToolkit.McpServer", "src\JmagDesignerAgenticToolkit.McpServer\JmagDesignerAgenticToolkit.McpServer.csproj", "{253C6B97-DAAD-4496-BCCE-E21D87C0FC1A}"
EndProject
Global
	GlobalSection(SolutionConfigurationPlatforms) = preSolution
		Debug|Any CPU = Debug|Any CPU
		Release|Any CPU = Release|Any CPU
	EndGlobalSection
	GlobalSection(SolutionProperties) = preSolution
		HideSolutionNode = FALSE
	EndGlobalSection
	GlobalSection(ProjectConfigurationPlatforms) = postSolution
		{87667EF8-D64D-4082-AC43-473161E87371}.Debug|Any CPU.ActiveCfg = Debug|Any CPU
		{87667EF8-D64D-4082-AC43-473161E87371}.Debug|Any CPU.Build.0 = Debug|Any CPU
		{87667EF8-D64D-4082-AC43-473161E87371}.Release|Any CPU.ActiveCfg = Release|Any CPU
		{87667EF8-D64D-4082-AC43-473161E87371}.Release|Any CPU.Build.0 = Release|Any CPU
		{253C6B97-DAAD-4496-BCCE-E21D87C0FC1A}.Debug|Any CPU.ActiveCfg = Debug|Any CPU
		{253C6B97-DAAD-4496-BCCE-E21D87C0FC1A}.Debug|Any CPU.Build.0 = Debug|Any CPU
		{253C6B97-DAAD-4496-BCCE-E21D87C0FC1A}.Release|Any CPU.ActiveCfg = Release|Any CPU
		{253C6B97-DAAD-4496-BCCE-E21D87C0FC1A}.Release|Any CPU.Build.0 = Release|Any CPU
	EndGlobalSection
	GlobalSection(NestedProjects) = preSolution
		{87667EF8-D64D-4082-AC43-473161E87371} = {40C5EF90-842D-483C-A532-469A6D226C6D}
		{253C6B97-DAAD-4496-BCCE-E21D87C0FC1A} = {40C5EF90-842D-483C-A532-469A6D226C6D}
	EndGlobalSection
EndGlobal
